
Microsoft Visual Studio Solution File, Format Version 12.00
# Visual Studio Version 17
VisualStudioVersion = 17.11.34929.205
MinimumVisualStudioVersion = 10.0.40219.1
Project("{FAE04EC0-301F-11D3-BF4B-00C04F79EFBC}") = "Exceptions", "Exceptions\Exceptions.csproj", "{86075614-1A89-4F9C-9C29-480DBEA9F197}"
EndProject
Global
	GlobalSection(SolutionConfigurationPlatforms) = preSolution
		Debug|Any CPU = Debug|Any CPU
		Release|Any CPU = Release|Any CPU
	EndGlobalSection
	GlobalSection(ProjectConfigurationPlatforms) = postSolution
		{86075614-1A89-4F9C-9C29-480DBEA9F197}.Debug|Any CPU.ActiveCfg = Debug|Any CPU
		{86075614-1A89-4F9C-9C29-480DBEA9F197}.Debug|Any CPU.Build.0 = Debug|Any CPU
		{86075614-1A89-4F9C-9C29-480DBEA9F197}.Release|Any CPU.ActiveCfg = Release|Any CPU
		{86075614-1A89-4F9C-9C29-480DBEA9F197}.Release|Any CPU.Build.0 = Release|Any CPU
	EndGlobalSection
	GlobalSection(SolutionProperties) = preSolution
		HideSolutionNode = FALSE
	EndGlobalSection
	GlobalSection(ExtensibilityGlobals) = postSolution
		SolutionGuid = {7DB0D10F-EE2B-419B-9CB0-FCCE66174C9F}
	EndGlobalSection
EndGlobal
